{
  "version": 4,
  "terraform_version": "1.9.8",
  "serial": 311,
  "lineage": "b09aa87b-4373-7859-d858-c116f9a051d9",
  "outputs": {
    "deployer_key_s3_uri": {
      "value": "s3://enis-terraform-for-state-file-0125-a05faeb6/deployer_key.pem",
      "type": "string"
    },
    "instance_details": {
      "value": {
        "instance_id": "i-07ac4510780513cf2",
        "instance_name": "PublicInstance",
        "instance_private_ip": "10.0.1.20",
        "instance_public_ip": "18.209.162.61",
        "security_group_id": [
          "sg-0bcbce064f94c6262"
        ],
        "subnet_id": "subnet-0373b5c8fcf021d61"
      },
      "type": [
        "object",
        {
          "instance_id": "string",
          "instance_name": "string",
          "instance_private_ip": "string",
          "instance_public_ip": "string",
          "security_group_id": [
            "set",
            "string"
          ],
          "subnet_id": "string"
        }
      ]
    },
    "rds_endpoint": {
      "value": {
        "db_instance_id": "db-ZDSZSZPREHD2XWNOC4QOR3E3QE",
        "endpoint": "mydb.cnyuu8saea8d.us-east-1.rds.amazonaws.com:3306",
        "username": "dbuser"
      },
      "type": [
        "object",
        {
          "db_instance_id": "string",
          "endpoint": "string",
          "username": "string"
        }
      ]
    }
  },
  "resources": [
    {
      "mode": "managed",
      "type": "aws_db_instance",
      "name": "mydb",
      "provider": "provider[\"registry.terraform.io/hashicorp/aws\"]",
      "instances": [
        {
          "schema_version": 2,
          "attributes": {
            "address": "mydb.cnyuu8saea8d.us-east-1.rds.amazonaws.com",
            "allocated_storage": 20,
            "allow_major_version_upgrade": null,
            "apply_immediately": false,
            "arn": "arn:aws:rds:us-east-1:051826694196:db:mydb",
            "auto_minor_version_upgrade": true,
            "availability_zone": "us-east-1a",
            "backup_retention_period": 0,
            "backup_target": "region",
            "backup_window": "07:11-07:41",
            "blue_green_update": [],
            "ca_cert_identifier": "rds-ca-rsa2048-g1",
            "character_set_name": "",
            "copy_tags_to_snapshot": false,
            "custom_iam_instance_profile": "",
            "customer_owned_ip_enabled": false,
            "db_name": "",
            "db_subnet_group_name": "mydb_subnet_group",
            "dedicated_log_volume": false,
            "delete_automated_backups": true,
            "deletion_protection": false,
            "domain": "",
            "domain_auth_secret_arn": "",
            "domain_dns_ips": [],
            "domain_fqdn": "",
            "domain_iam_role_name": "",
            "domain_ou": "",
            "enabled_cloudwatch_logs_exports": [],
            "endpoint": "mydb.cnyuu8saea8d.us-east-1.rds.amazonaws.com:3306",
            "engine": "mysql",
            "engine_lifecycle_support": "open-source-rds-extended-support",
            "engine_version": "8.0.35",
            "engine_version_actual": "8.0.35",
            "final_snapshot_identifier": null,
            "hosted_zone_id": "Z2R2ITUGPM61AM",
            "iam_database_authentication_enabled": false,
            "id": "db-ZDSZSZPREHD2XWNOC4QOR3E3QE",
            "identifier": "mydb",
            "identifier_prefix": "",
            "instance_class": "db.t3.micro",
            "iops": 0,
            "kms_key_id": "",
            "latest_restorable_time": "",
            "license_model": "general-public-license",
            "listener_endpoint": [],
            "maintenance_window": "tue:06:21-tue:06:51",
            "manage_master_user_password": null,
            "master_user_secret": [],
            "master_user_secret_kms_key_id": null,
            "max_allocated_storage": 0,
            "monitoring_interval": 0,
            "monitoring_role_arn": "",
            "multi_az": false,
            "nchar_character_set_name": "",
            "network_type": "IPV4",
            "option_group_name": "default:mysql-8-0",
            "parameter_group_name": "default.mysql8.0",
            "password": "DBpassword2024",
            "performance_insights_enabled": false,
            "performance_insights_kms_key_id": "",
            "performance_insights_retention_period": 0,
            "port": 3306,
            "publicly_accessible": true,
            "replica_mode": "",
            "replicas": [],
            "replicate_source_db": "",
            "resource_id": "db-ZDSZSZPREHD2XWNOC4QOR3E3QE",
            "restore_to_point_in_time": [],
            "s3_import": [],
            "skip_final_snapshot": true,
            "snapshot_identifier": null,
            "status": "available",
            "storage_encrypted": false,
            "storage_throughput": 0,
            "storage_type": "gp2",
            "tags": {
              "Name": "enis_tp"
            },
            "tags_all": {
              "Name": "enis_tp"
            },
            "timeouts": null,
            "timezone": "",
            "upgrade_storage_config": null,
            "username": "dbuser",
            "vpc_security_group_ids": [
              "sg-0bcbce064f94c6262"
            ]
          },
          "sensitive_attributes": [
            [
              {
                "type": "get_attr",
                "value": "password"
              }
            ]
          ],
          "private": "eyJlMmJmYjczMC1lY2FhLTExZTYtOGY4OC0zNDM2M2JjN2M0YzAiOnsiY3JlYXRlIjoyNDAwMDAwMDAwMDAwLCJkZWxldGUiOjM2MDAwMDAwMDAwMDAsInVwZGF0ZSI6NDgwMDAwMDAwMDAwMH0sInNjaGVtYV92ZXJzaW9uIjoiMiJ9",
          "dependencies": [
            "aws_db_subnet_group.mydb_subnet_group",
            "aws_security_group.web_sg",
            "aws_subnet.public_subnet_1",
            "aws_subnet.public_subnet_2",
            "aws_vpc.tp_cloud_devops_vpc"
          ]
        }
      ]
    },
    {
      "mode": "managed",
      "type": "aws_db_subnet_group",
      "name": "mydb_subnet_group",
      "provider": "provider[\"registry.terraform.io/hashicorp/aws\"]",
      "instances": [
        {
          "schema_version": 0,
          "attributes": {
            "arn": "arn:aws:rds:us-east-1:051826694196:subgrp:mydb_subnet_group",
            "description": "Managed by Terraform",
            "id": "mydb_subnet_group",
            "name": "mydb_subnet_group",
            "name_prefix": "",
            "subnet_ids": [
              "subnet-00192a871e083b3d0",
              "subnet-0373b5c8fcf021d61"
            ],
            "supported_network_types": [
              "IPV4"
            ],
            "tags": {
              "Name": "mydb_subnet_group"
            },
            "tags_all": {
              "Name": "mydb_subnet_group"
            },
            "vpc_id": "vpc-07e8e492c237335c1"
          },
          "sensitive_attributes": [],
          "private": "bnVsbA==",
          "dependencies": [
            "aws_subnet.public_subnet_1",
            "aws_subnet.public_subnet_2",
            "aws_vpc.tp_cloud_devops_vpc"
          ]
        }
      ]
    },
    {
      "mode": "managed",
      "type": "aws_iam_instance_profile",
      "name": "ec2_instance_profile",
      "provider": "provider[\"registry.terraform.io/hashicorp/aws\"]",
      "instances": [
        {
          "schema_version": 0,
          "attributes": {
            "arn": "arn:aws:iam::051826694196:instance-profile/ec2-ecr-instance-profile",
            "create_date": "2024-12-13T15:52:48Z",
            "id": "ec2-ecr-instance-profile",
            "name": "ec2-ecr-instance-profile",
            "name_prefix": "",
            "path": "/",
            "role": "ec2-ecr-access-role",
            "tags": {},
            "tags_all": {},
            "unique_id": "AIPAQYEI4TA2OCSZFEU6F"
          },
          "sensitive_attributes": [],
          "private": "bnVsbA==",
          "dependencies": [
            "aws_iam_role.ec2_ecr_access_role"
          ]
        }
      ]
    },
    {
      "mode": "managed",
      "type": "aws_iam_role",
      "name": "ec2_ecr_access_role",
      "provider": "provider[\"registry.terraform.io/hashicorp/aws\"]",
      "instances": [
        {
          "schema_version": 0,
          "attributes": {
            "arn": "arn:aws:iam::051826694196:role/ec2-ecr-access-role",
            "assume_role_policy": "{\"Statement\":[{\"Action\":\"sts:AssumeRole\",\"Effect\":\"Allow\",\"Principal\":{\"Service\":\"ec2.amazonaws.com\"}}],\"Version\":\"2012-10-17\"}",
            "create_date": "2024-12-13T15:52:47Z",
            "description": "",
            "force_detach_policies": false,
            "id": "ec2-ecr-access-role",
            "inline_policy": [],
            "managed_policy_arns": [
              "arn:aws:iam::aws:policy/AmazonEC2ContainerRegistryPowerUser"
            ],
            "max_session_duration": 3600,
            "name": "ec2-ecr-access-role",
            "name_prefix": "",
            "path": "/",
            "permissions_boundary": "",
            "tags": {},
            "tags_all": {},
            "unique_id": "AROAQYEI4TA2KNIOUOC4V"
          },
          "sensitive_attributes": [],
          "private": "bnVsbA=="
        }
      ]
    },
    {
      "mode": "managed",
      "type": "aws_iam_role_policy_attachment",
      "name": "ec2_ecr_policy_attachment",
      "provider": "provider[\"registry.terraform.io/hashicorp/aws\"]",
      "instances": [
        {
          "schema_version": 0,
          "attributes": {
            "id": "ec2-ecr-access-role-20241213155248101000000001",
            "policy_arn": "arn:aws:iam::aws:policy/AmazonEC2ContainerRegistryPowerUser",
            "role": "ec2-ecr-access-role"
          },
          "sensitive_attributes": [],
          "private": "bnVsbA==",
          "dependencies": [
            "aws_iam_role.ec2_ecr_access_role"
          ]
        }
      ]
    },
    {
      "mode": "managed",
      "type": "aws_instance",
      "name": "public_instance",
      "provider": "provider[\"registry.terraform.io/hashicorp/aws\"]",
      "instances": [
        {
          "schema_version": 1,
          "attributes": {
            "ami": "ami-0866a3c8686eaeeba",
            "arn": "arn:aws:ec2:us-east-1:051826694196:instance/i-07ac4510780513cf2",
            "associate_public_ip_address": true,
            "availability_zone": "us-east-1a",
            "capacity_reservation_specification": [
              {
                "capacity_reservation_preference": "open",
                "capacity_reservation_target": []
              }
            ],
            "cpu_core_count": 1,
            "cpu_options": [
              {
                "amd_sev_snp": "",
                "core_count": 1,
                "threads_per_core": 1
              }
            ],
            "cpu_threads_per_core": 1,
            "credit_specification": [
              {
                "cpu_credits": "standard"
              }
            ],
            "disable_api_stop": false,
            "disable_api_termination": false,
            "ebs_block_device": [],
            "ebs_optimized": false,
            "enclave_options": [
              {
                "enabled": false
              }
            ],
            "ephemeral_block_device": [],
            "get_password_data": false,
            "hibernation": false,
            "host_id": "",
            "host_resource_group_arn": null,
            "iam_instance_profile": "ec2-ecr-instance-profile",
            "id": "i-07ac4510780513cf2",
            "instance_initiated_shutdown_behavior": "stop",
            "instance_lifecycle": "",
            "instance_market_options": [],
            "instance_state": "running",
            "instance_type": "t2.micro",
            "ipv6_address_count": 0,
            "ipv6_addresses": [],
            "key_name": "deployer_key",
            "launch_template": [],
            "maintenance_options": [
              {
                "auto_recovery": "default"
              }
            ],
            "metadata_options": [
              {
                "http_endpoint": "enabled",
                "http_protocol_ipv6": "disabled",
                "http_put_response_hop_limit": 2,
                "http_tokens": "required",
                "instance_metadata_tags": "disabled"
              }
            ],
            "monitoring": false,
            "network_interface": [],
            "outpost_arn": "",
            "password_data": "",
            "placement_group": "",
            "placement_partition_number": 0,
            "primary_network_interface_id": "eni-0fc9070723685536f",
            "private_dns": "ip-10-0-1-20.ec2.internal",
            "private_dns_name_options": [
              {
                "enable_resource_name_dns_a_record": false,
                "enable_resource_name_dns_aaaa_record": false,
                "hostname_type": "ip-name"
              }
            ],
            "private_ip": "10.0.1.20",
            "public_dns": "ec2-18-209-162-61.compute-1.amazonaws.com",
            "public_ip": "18.209.162.61",
            "root_block_device": [
              {
                "delete_on_termination": true,
                "device_name": "/dev/sda1",
                "encrypted": false,
                "iops": 3000,
                "kms_key_id": "",
                "tags": {},
                "tags_all": {},
                "throughput": 125,
                "volume_id": "vol-0a689191793d9a0b5",
                "volume_size": 8,
                "volume_type": "gp3"
              }
            ],
            "secondary_private_ips": [],
            "security_groups": [],
            "source_dest_check": true,
            "spot_instance_request_id": "",
            "subnet_id": "subnet-0373b5c8fcf021d61",
            "tags": {
              "Name": "PublicInstance"
            },
            "tags_all": {
              "Name": "PublicInstance"
            },
            "tenancy": "default",
            "timeouts": null,
            "user_data": "34b97ee18c9c450acfb5e211151f04d502afb0d1",
            "user_data_base64": null,
            "user_data_replace_on_change": false,
            "volume_tags": null,
            "vpc_security_group_ids": [
              "sg-0bcbce064f94c6262"
            ]
          },
          "sensitive_attributes": [],
          "private": "eyJlMmJmYjczMC1lY2FhLTExZTYtOGY4OC0zNDM2M2JjN2M0YzAiOnsiY3JlYXRlIjo2MDAwMDAwMDAwMDAsImRlbGV0ZSI6MTIwMDAwMDAwMDAwMCwicmVhZCI6OTAwMDAwMDAwMDAwLCJ1cGRhdGUiOjYwMDAwMDAwMDAwMH0sInNjaGVtYV92ZXJzaW9uIjoiMSJ9",
          "dependencies": [
            "aws_iam_instance_profile.ec2_instance_profile",
            "aws_iam_role.ec2_ecr_access_role",
            "aws_key_pair.deployer_key",
            "aws_security_group.web_sg",
            "aws_subnet.public_subnet_1",
            "aws_vpc.tp_cloud_devops_vpc",
            "tls_private_key.example_ssh_key"
          ]
        }
      ]
    },
    {
      "mode": "managed",
      "type": "aws_internet_gateway",
      "name": "main_gateway",
      "provider": "provider[\"registry.terraform.io/hashicorp/aws\"]",
      "instances": [
        {
          "schema_version": 0,
          "attributes": {
            "arn": "arn:aws:ec2:us-east-1:051826694196:internet-gateway/igw-0e0146a2fe35ab022",
            "id": "igw-0e0146a2fe35ab022",
            "owner_id": "051826694196",
            "tags": {
              "Name": "MainInternetGateway"
            },
            "tags_all": {
              "Name": "MainInternetGateway"
            },
            "timeouts": null,
            "vpc_id": "vpc-07e8e492c237335c1"
          },
          "sensitive_attributes": [],
          "private": "eyJlMmJmYjczMC1lY2FhLTExZTYtOGY4OC0zNDM2M2JjN2M0YzAiOnsiY3JlYXRlIjoxMjAwMDAwMDAwMDAwLCJkZWxldGUiOjEyMDAwMDAwMDAwMDAsInVwZGF0ZSI6MTIwMDAwMDAwMDAwMH19",
          "dependencies": [
            "aws_vpc.tp_cloud_devops_vpc"
          ]
        }
      ]
    },
    {
      "mode": "managed",
      "type": "aws_key_pair",
      "name": "deployer_key",
      "provider": "provider[\"registry.terraform.io/hashicorp/aws\"]",
      "instances": [
        {
          "schema_version": 1,
          "attributes": {
            "arn": "arn:aws:ec2:us-east-1:051826694196:key-pair/deployer_key",
            "fingerprint": "7d:e9:5e:88:c0:7a:87:34:bb:66:28:b8:d0:06:d9:b8",
            "id": "deployer_key",
            "key_name": "deployer_key",
            "key_name_prefix": "",
            "key_pair_id": "key-0bb77a449b6444b0d",
            "key_type": "rsa",
            "public_key": "ssh-rsa AAAAB3NzaC1yc2EAAAADAQABAAABAQDgsOVMl/Z5MvX76Qiqr0E1TYYrhJC5CefTgB62rH0EWRvF/43Bq+315oC2FVvcmwMEYLmNCSGWMtxnMuA0stsnNKHNObc4uBULVmROYHamLUE+T3foKNAEH6IMZtnQufmXMiJAesFRR2hSaCkMzyGJkR0JgMXv1VTfQCaL3v9apPxEPZ2lh5r0iFjhhg8IxXbYjD2QKbfoCQs1YiuOeLnDOfx3/KT+6B8SQfsx1Ni4i7NYWaIho7OH4QDN8tjR4/VTjMEngBMSsHzfuR1SVXXGXIjSY37PIJhuctK0p4GILP86Td/CeuNCFoaPWgmrHikA2nBYhg7L7PBcannbMoiB",
            "tags": {},
            "tags_all": {}
          },
          "sensitive_attributes": [],
          "private": "eyJzY2hlbWFfdmVyc2lvbiI6IjEifQ==",
          "dependencies": [
            "tls_private_key.example_ssh_key"
          ]
        }
      ]
    },
    {
      "mode": "managed",
      "type": "aws_route_table",
      "name": "public_route_table",
      "provider": "provider[\"registry.terraform.io/hashicorp/aws\"]",
      "instances": [
        {
          "schema_version": 0,
          "attributes": {
            "arn": "arn:aws:ec2:us-east-1:051826694196:route-table/rtb-09c7f0b9fc136a0ba",
            "id": "rtb-09c7f0b9fc136a0ba",
            "owner_id": "051826694196",
            "propagating_vgws": [],
            "route": [
              {
                "carrier_gateway_id": "",
                "cidr_block": "0.0.0.0/0",
                "core_network_arn": "",
                "destination_prefix_list_id": "",
                "egress_only_gateway_id": "",
                "gateway_id": "igw-0e0146a2fe35ab022",
                "ipv6_cidr_block": "",
                "local_gateway_id": "",
                "nat_gateway_id": "",
                "network_interface_id": "",
                "transit_gateway_id": "",
                "vpc_endpoint_id": "",
                "vpc_peering_connection_id": ""
              }
            ],
            "tags": {
              "Name": "PublicRouteTable"
            },
            "tags_all": {
              "Name": "PublicRouteTable"
            },
            "timeouts": null,
            "vpc_id": "vpc-07e8e492c237335c1"
          },
          "sensitive_attributes": [],
          "private": "eyJlMmJmYjczMC1lY2FhLTExZTYtOGY4OC0zNDM2M2JjN2M0YzAiOnsiY3JlYXRlIjozMDAwMDAwMDAwMDAsImRlbGV0ZSI6MzAwMDAwMDAwMDAwLCJ1cGRhdGUiOjEyMDAwMDAwMDAwMH19",
          "dependencies": [
            "aws_internet_gateway.main_gateway",
            "aws_vpc.tp_cloud_devops_vpc"
          ]
        }
      ]
    },
    {
      "mode": "managed",
      "type": "aws_route_table_association",
      "name": "public_rta1",
      "provider": "provider[\"registry.terraform.io/hashicorp/aws\"]",
      "instances": [
        {
          "schema_version": 0,
          "attributes": {
            "gateway_id": "",
            "id": "rtbassoc-07fc12fb90e31e220",
            "route_table_id": "rtb-09c7f0b9fc136a0ba",
            "subnet_id": "subnet-0373b5c8fcf021d61",
            "timeouts": null
          },
          "sensitive_attributes": [],
          "private": "eyJlMmJmYjczMC1lY2FhLTExZTYtOGY4OC0zNDM2M2JjN2M0YzAiOnsiY3JlYXRlIjozMDAwMDAwMDAwMDAsImRlbGV0ZSI6MzAwMDAwMDAwMDAwLCJ1cGRhdGUiOjEyMDAwMDAwMDAwMH19",
          "dependencies": [
            "aws_internet_gateway.main_gateway",
            "aws_route_table.public_route_table",
            "aws_subnet.public_subnet_1",
            "aws_vpc.tp_cloud_devops_vpc"
          ]
        }
      ]
    },
    {
      "mode": "managed",
      "type": "aws_route_table_association",
      "name": "public_rta2",
      "provider": "provider[\"registry.terraform.io/hashicorp/aws\"]",
      "instances": [
        {
          "schema_version": 0,
          "attributes": {
            "gateway_id": "",
            "id": "rtbassoc-07e53f654acd63ceb",
            "route_table_id": "rtb-09c7f0b9fc136a0ba",
            "subnet_id": "subnet-00192a871e083b3d0",
            "timeouts": null
          },
          "sensitive_attributes": [],
          "private": "eyJlMmJmYjczMC1lY2FhLTExZTYtOGY4OC0zNDM2M2JjN2M0YzAiOnsiY3JlYXRlIjozMDAwMDAwMDAwMDAsImRlbGV0ZSI6MzAwMDAwMDAwMDAwLCJ1cGRhdGUiOjEyMDAwMDAwMDAwMH19",
          "dependencies": [
            "aws_internet_gateway.main_gateway",
            "aws_route_table.public_route_table",
            "aws_subnet.public_subnet_2",
            "aws_vpc.tp_cloud_devops_vpc"
          ]
        }
      ]
    },
    {
      "mode": "managed",
      "type": "aws_s3_object",
      "name": "private_key_object",
      "provider": "provider[\"registry.terraform.io/hashicorp/aws\"]",
      "instances": [
        {
          "schema_version": 0,
          "attributes": {
            "acl": "private",
            "arn": "arn:aws:s3:::enis-terraform-for-state-file-0125-a05faeb6/deployer_key.pem",
            "bucket": "enis-terraform-for-state-file-0125-a05faeb6",
            "bucket_key_enabled": false,
            "cache_control": "",
            "checksum_algorithm": null,
            "checksum_crc32": "",
            "checksum_crc32c": "",
            "checksum_sha1": "",
            "checksum_sha256": "",
            "content": "-----BEGIN RSA PRIVATE KEY-----\nMIIEowIBAAKCAQEA4LDlTJf2eTL1++kIqq9BNU2GK4SQuQnn04Aetqx9BFkbxf+N\nwavt9eaAthVb3JsDBGC5jQkhljLcZzLgNLLbJzShzTm3OLgVC1ZkTmB2pi1BPk93\n6CjQBB+iDGbZ0Ln5lzIiQHrBUUdoUmgpDM8hiZEdCYDF79VU30Ami97/WqT8RD2d\npYea9IhY4YYPCMV22Iw9kCm36AkLNWIrjni5wzn8d/yk/ugfEkH7MdTYuIuzWFmi\nIaOzh+EAzfLY0eP1U4zBJ4ATErB837kdUlV1xlyI0mN+zyCYbnLStKeBiCz/Ok3f\nwnrjQhaGj1oJqx4pANpwWIYOy+zwXGp52zKIgQIDAQABAoIBAQC2Nz79ao97opRS\nAp4ArbfYHlKcoBkttpbGsrQ1uJR6HjmjzKeNVHzaWmAvSgsBUMSVnEtd0PXn9L9B\nAcVJd3K6zLga0p9/4+lNFHasCRavlSu/+HppUA/CCFVGcXJbDzcWIpYcbHCyFZLI\noagIt0Gfaot91WywHvWBR2j7LZEwU+7Ezuqk1pxagqgEi1t8OXXxzO6pet8tG1hl\nccB5pySDSJ1W+XRWQiJhxYvGMs+tQX/o6eSfkCp6WSGtRZMVyj9D8dzwH3sV2ySf\nEwn00WRCUrvyMrUpCSJAZTz1x9qTGVnvdLhrD8YY91mQwsWMGwNMSbZVGhBxOmHk\nrBk+H1lxAoGBAPtGNugjKn3ws/1T/rZkqieCxUgVvPvPAhKhok8xm2CRtmyLBNR+\nBVl3UIk77uPUgqsdQ1FR60ZrnG3ZeEOPnAL35qqGkwFSu4TH5u8IeBrAXtAqxSKw\nPZCHlMLx28nYjSKMJ1Wz8KWK6qLi8vcpGTVZnV7tufFoxI6uHaP/ZDxHAoGBAOTq\nsX5yCd/WRJg/YovV2XHsPPxsBmKy/x9C6gvR86YsJvtDik3uxcqTmlADbjQWBwDl\n0n0UcRwA8v9lqBISwydevs27b3PetysGMYI8Pv7LO1N6wJmuB3zEjjGKZcFOJz71\nBVfKVYVnfuESZnbCXka3avziYqjJgmuWsENNsKD3AoGAXWbvOAECZYgYz7zuPIxU\nt5UjkjUKZ6u+QIC2nat57z6ayeQvKnGhuWzhkfGmTigLXmHlSRAjXazYm/ivfKWg\nP3Y41wBpGp/PNn88N3Q1ePQzCjwrxUYvzE6pnIFcyr3lUIc6g9/8PvzRVTT5TaiI\nR02Fcuj5KmRgVA0i1Xg0oTcCgYAI92RiZocafGMNb5YlkgfFXZJ59KU/YnF5wP43\n3k5j2ODiAKA/MzYOHD/0GF5NrfsyPs5C1fUkOqlJ9apioteACEcC+e+Ao12bUs/H\noSJ6im1VdL5shpOGgJBtQlV//9arsZ829BbrdcVTfYwD5NMag/6tzxQ8NkBkhG99\nA2MCuwKBgCQCQKDRM6L2fiVxa3t6WRdirsookY/1a50hpgEmm2kxzGPl4VOCJFD4\nowMtEnqGa4upkHsPDrPTtz8MyAaHB59KP0anuQrXWGw0Dwji+ix0+Q7fJZHJF2b1\nCdLdCmc8vaajquZZAFdGHXNPUACl6KKSiQk8+PzNG2N2qmVPuT7O\n-----END RSA PRIVATE KEY-----\n",
            "content_base64": null,
            "content_disposition": "",
            "content_encoding": "",
            "content_language": "",
            "content_type": "application/octet-stream",
            "etag": "01696b73a1f384831d55a9f0eece9676",
            "force_destroy": false,
            "id": "deployer_key.pem",
            "key": "deployer_key.pem",
            "kms_key_id": null,
            "metadata": {},
            "object_lock_legal_hold_status": "",
            "object_lock_mode": "",
            "object_lock_retain_until_date": "",
            "override_provider": [],
            "server_side_encryption": "AES256",
            "source": null,
            "source_hash": null,
            "storage_class": "STANDARD",
            "tags": {},
            "tags_all": {},
            "version_id": "vwn0RT45oyu1uX5pmM0cLj.drkrvljQk",
            "website_redirect": ""
          },
          "sensitive_attributes": [
            [
              {
                "type": "get_attr",
                "value": "content"
              }
            ]
          ],
          "private": "bnVsbA==",
          "dependencies": [
            "tls_private_key.example_ssh_key"
          ]
        }
      ]
    },
    {
      "mode": "managed",
      "type": "aws_security_group",
      "name": "web_sg",
      "provider": "provider[\"registry.terraform.io/hashicorp/aws\"]",
      "instances": [
        {
          "schema_version": 1,
          "attributes": {
            "arn": "arn:aws:ec2:us-east-1:051826694196:security-group/sg-0bcbce064f94c6262",
            "description": "Security group for web server and SSH access",
            "egress": [
              {
                "cidr_blocks": [
                  "0.0.0.0/0"
                ],
                "description": "",
                "from_port": 0,
                "ipv6_cidr_blocks": [],
                "prefix_list_ids": [],
                "protocol": "-1",
                "security_groups": [],
                "self": false,
                "to_port": 0
              }
            ],
            "id": "sg-0bcbce064f94c6262",
            "ingress": [
              {
                "cidr_blocks": [
                  "0.0.0.0/0"
                ],
                "description": "",
                "from_port": 22,
                "ipv6_cidr_blocks": [],
                "prefix_list_ids": [],
                "protocol": "tcp",
                "security_groups": [],
                "self": false,
                "to_port": 22
              },
              {
                "cidr_blocks": [
                  "0.0.0.0/0"
                ],
                "description": "",
                "from_port": 3306,
                "ipv6_cidr_blocks": [],
                "prefix_list_ids": [],
                "protocol": "tcp",
                "security_groups": [],
                "self": false,
                "to_port": 3306
              },
              {
                "cidr_blocks": [
                  "0.0.0.0/0"
                ],
                "description": "",
                "from_port": 8000,
                "ipv6_cidr_blocks": [],
                "prefix_list_ids": [],
                "protocol": "tcp",
                "security_groups": [],
                "self": false,
                "to_port": 8000
              },
              {
                "cidr_blocks": [
                  "0.0.0.0/0"
                ],
                "description": "",
                "from_port": 8080,
                "ipv6_cidr_blocks": [],
                "prefix_list_ids": [],
                "protocol": "tcp",
                "security_groups": [],
                "self": false,
                "to_port": 8080
              },
              {
                "cidr_blocks": [
                  "0.0.0.0/0"
                ],
                "description": "",
                "from_port": 80,
                "ipv6_cidr_blocks": [],
                "prefix_list_ids": [],
                "protocol": "tcp",
                "security_groups": [],
                "self": false,
                "to_port": 80
              },
              {
                "cidr_blocks": [
                  "0.0.0.0/0"
                ],
                "description": "",
                "from_port": 81,
                "ipv6_cidr_blocks": [],
                "prefix_list_ids": [],
                "protocol": "tcp",
                "security_groups": [],
                "self": false,
                "to_port": 81
              }
            ],
            "name": "web-server-sg",
            "name_prefix": "",
            "owner_id": "051826694196",
            "revoke_rules_on_delete": false,
            "tags": {},
            "tags_all": {},
            "timeouts": null,
            "vpc_id": "vpc-07e8e492c237335c1"
          },
          "sensitive_attributes": [],
          "private": "eyJlMmJmYjczMC1lY2FhLTExZTYtOGY4OC0zNDM2M2JjN2M0YzAiOnsiY3JlYXRlIjo2MDAwMDAwMDAwMDAsImRlbGV0ZSI6OTAwMDAwMDAwMDAwfSwic2NoZW1hX3ZlcnNpb24iOiIxIn0=",
          "dependencies": [
            "aws_vpc.tp_cloud_devops_vpc"
          ]
        }
      ]
    },
    {
      "mode": "managed",
      "type": "aws_security_group_rule",
      "name": "allow_all_outbound",
      "provider": "provider[\"registry.terraform.io/hashicorp/aws\"]",
      "instances": [
        {
          "schema_version": 2,
          "attributes": {
            "cidr_blocks": [
              "0.0.0.0/0"
            ],
            "description": null,
            "from_port": 0,
            "id": "sgrule-3541239209",
            "ipv6_cidr_blocks": null,
            "prefix_list_ids": null,
            "protocol": "-1",
            "security_group_id": "sg-0bcbce064f94c6262",
            "security_group_rule_id": "sgr-06c8170d173339be4",
            "self": false,
            "source_security_group_id": null,
            "timeouts": null,
            "to_port": 0,
            "type": "egress"
          },
          "sensitive_attributes": [],
          "private": "eyJlMmJmYjczMC1lY2FhLTExZTYtOGY4OC0zNDM2M2JjN2M0YzAiOnsiY3JlYXRlIjozMDAwMDAwMDAwMDB9LCJzY2hlbWFfdmVyc2lvbiI6IjIifQ==",
          "dependencies": [
            "aws_security_group.web_sg",
            "aws_vpc.tp_cloud_devops_vpc"
          ]
        }
      ]
    },
    {
      "mode": "managed",
      "type": "aws_security_group_rule",
      "name": "allow_backend_inbound",
      "provider": "provider[\"registry.terraform.io/hashicorp/aws\"]",
      "instances": [
        {
          "schema_version": 2,
          "attributes": {
            "cidr_blocks": [
              "0.0.0.0/0"
            ],
            "description": null,
            "from_port": 8000,
            "id": "sgrule-777679195",
            "ipv6_cidr_blocks": null,
            "prefix_list_ids": null,
            "protocol": "tcp",
            "security_group_id": "sg-0bcbce064f94c6262",
            "security_group_rule_id": "sgr-041a7cff882e5317d",
            "self": false,
            "source_security_group_id": null,
            "timeouts": null,
            "to_port": 8000,
            "type": "ingress"
          },
          "sensitive_attributes": [],
          "private": "eyJlMmJmYjczMC1lY2FhLTExZTYtOGY4OC0zNDM2M2JjN2M0YzAiOnsiY3JlYXRlIjozMDAwMDAwMDAwMDB9LCJzY2hlbWFfdmVyc2lvbiI6IjIifQ==",
          "dependencies": [
            "aws_security_group.web_sg",
            "aws_vpc.tp_cloud_devops_vpc"
          ]
        }
      ]
    },
    {
      "mode": "managed",
      "type": "aws_security_group_rule",
      "name": "allow_rds_inbound",
      "provider": "provider[\"registry.terraform.io/hashicorp/aws\"]",
      "instances": [
        {
          "schema_version": 2,
          "attributes": {
            "cidr_blocks": [
              "0.0.0.0/0"
            ],
            "description": null,
            "from_port": 3306,
            "id": "sgrule-3043287227",
            "ipv6_cidr_blocks": null,
            "prefix_list_ids": null,
            "protocol": "tcp",
            "security_group_id": "sg-0bcbce064f94c6262",
            "security_group_rule_id": "sgr-0932e10653cfbfa72",
            "self": false,
            "source_security_group_id": null,
            "timeouts": null,
            "to_port": 3306,
            "type": "ingress"
          },
          "sensitive_attributes": [],
          "private": "eyJlMmJmYjczMC1lY2FhLTExZTYtOGY4OC0zNDM2M2JjN2M0YzAiOnsiY3JlYXRlIjozMDAwMDAwMDAwMDB9LCJzY2hlbWFfdmVyc2lvbiI6IjIifQ==",
          "dependencies": [
            "aws_security_group.web_sg",
            "aws_vpc.tp_cloud_devops_vpc"
          ]
        }
      ]
    },
    {
      "mode": "managed",
      "type": "aws_security_group_rule",
      "name": "allow_web_http_inbound",
      "provider": "provider[\"registry.terraform.io/hashicorp/aws\"]",
      "instances": [
        {
          "schema_version": 2,
          "attributes": {
            "cidr_blocks": [
              "0.0.0.0/0"
            ],
            "description": null,
            "from_port": 8080,
            "id": "sgrule-975699181",
            "ipv6_cidr_blocks": null,
            "prefix_list_ids": null,
            "protocol": "tcp",
            "security_group_id": "sg-0bcbce064f94c6262",
            "security_group_rule_id": "sgr-0f128b5dc75f5ce04",
            "self": false,
            "source_security_group_id": null,
            "timeouts": null,
            "to_port": 8080,
            "type": "ingress"
          },
          "sensitive_attributes": [],
          "private": "eyJlMmJmYjczMC1lY2FhLTExZTYtOGY4OC0zNDM2M2JjN2M0YzAiOnsiY3JlYXRlIjozMDAwMDAwMDAwMDB9LCJzY2hlbWFfdmVyc2lvbiI6IjIifQ==",
          "dependencies": [
            "aws_security_group.web_sg",
            "aws_vpc.tp_cloud_devops_vpc"
          ]
        }
      ]
    },
    {
      "mode": "managed",
      "type": "aws_security_group_rule",
      "name": "allow_web_http_inbound-80",
      "provider": "provider[\"registry.terraform.io/hashicorp/aws\"]",
      "instances": [
        {
          "schema_version": 2,
          "attributes": {
            "cidr_blocks": [
              "0.0.0.0/0"
            ],
            "description": null,
            "from_port": 80,
            "id": "sgrule-1475273351",
            "ipv6_cidr_blocks": null,
            "prefix_list_ids": null,
            "protocol": "tcp",
            "security_group_id": "sg-0bcbce064f94c6262",
            "security_group_rule_id": "sgr-074973884cf698e33",
            "self": false,
            "source_security_group_id": null,
            "timeouts": null,
            "to_port": 80,
            "type": "ingress"
          },
          "sensitive_attributes": [],
          "private": "eyJlMmJmYjczMC1lY2FhLTExZTYtOGY4OC0zNDM2M2JjN2M0YzAiOnsiY3JlYXRlIjozMDAwMDAwMDAwMDB9LCJzY2hlbWFfdmVyc2lvbiI6IjIifQ==",
          "dependencies": [
            "aws_security_group.web_sg",
            "aws_vpc.tp_cloud_devops_vpc"
          ]
        }
      ]
    },
    {
      "mode": "managed",
      "type": "aws_security_group_rule",
      "name": "allow_web_http_inbound-81",
      "provider": "provider[\"registry.terraform.io/hashicorp/aws\"]",
      "instances": [
        {
          "schema_version": 2,
          "attributes": {
            "cidr_blocks": [
              "0.0.0.0/0"
            ],
            "description": null,
            "from_port": 81,
            "id": "sgrule-3091700961",
            "ipv6_cidr_blocks": null,
            "prefix_list_ids": null,
            "protocol": "tcp",
            "security_group_id": "sg-0bcbce064f94c6262",
            "security_group_rule_id": "sgr-021776f3aa0259aae",
            "self": false,
            "source_security_group_id": null,
            "timeouts": null,
            "to_port": 81,
            "type": "ingress"
          },
          "sensitive_attributes": [],
          "private": "eyJlMmJmYjczMC1lY2FhLTExZTYtOGY4OC0zNDM2M2JjN2M0YzAiOnsiY3JlYXRlIjozMDAwMDAwMDAwMDB9LCJzY2hlbWFfdmVyc2lvbiI6IjIifQ==",
          "dependencies": [
            "aws_security_group.web_sg",
            "aws_vpc.tp_cloud_devops_vpc"
          ]
        }
      ]
    },
    {
      "mode": "managed",
      "type": "aws_security_group_rule",
      "name": "allow_web_ssh_inbound",
      "provider": "provider[\"registry.terraform.io/hashicorp/aws\"]",
      "instances": [
        {
          "schema_version": 2,
          "attributes": {
            "cidr_blocks": [
              "0.0.0.0/0"
            ],
            "description": null,
            "from_port": 22,
            "id": "sgrule-3781476146",
            "ipv6_cidr_blocks": null,
            "prefix_list_ids": null,
            "protocol": "tcp",
            "security_group_id": "sg-0bcbce064f94c6262",
            "security_group_rule_id": "sgr-0f727e6378e8e61b2",
            "self": false,
            "source_security_group_id": null,
            "timeouts": null,
            "to_port": 22,
            "type": "ingress"
          },
          "sensitive_attributes": [],
          "private": "eyJlMmJmYjczMC1lY2FhLTExZTYtOGY4OC0zNDM2M2JjN2M0YzAiOnsiY3JlYXRlIjozMDAwMDAwMDAwMDB9LCJzY2hlbWFfdmVyc2lvbiI6IjIifQ==",
          "dependencies": [
            "aws_security_group.web_sg",
            "aws_vpc.tp_cloud_devops_vpc"
          ]
        }
      ]
    },
    {
      "mode": "managed",
      "type": "aws_subnet",
      "name": "public_subnet_1",
      "provider": "provider[\"registry.terraform.io/hashicorp/aws\"]",
      "instances": [
        {
          "schema_version": 1,
          "attributes": {
            "arn": "arn:aws:ec2:us-east-1:051826694196:subnet/subnet-0373b5c8fcf021d61",
            "assign_ipv6_address_on_creation": false,
            "availability_zone": "us-east-1a",
            "availability_zone_id": "use1-az6",
            "cidr_block": "10.0.1.0/24",
            "customer_owned_ipv4_pool": "",
            "enable_dns64": false,
            "enable_lni_at_device_index": 0,
            "enable_resource_name_dns_a_record_on_launch": false,
            "enable_resource_name_dns_aaaa_record_on_launch": false,
            "id": "subnet-0373b5c8fcf021d61",
            "ipv6_cidr_block": "",
            "ipv6_cidr_block_association_id": "",
            "ipv6_native": false,
            "map_customer_owned_ip_on_launch": false,
            "map_public_ip_on_launch": true,
            "outpost_arn": "",
            "owner_id": "051826694196",
            "private_dns_hostname_type_on_launch": "ip-name",
            "tags": {
              "Name": "PublicSubnet1"
            },
            "tags_all": {
              "Name": "PublicSubnet1"
            },
            "timeouts": null,
            "vpc_id": "vpc-07e8e492c237335c1"
          },
          "sensitive_attributes": [],
          "private": "eyJlMmJmYjczMC1lY2FhLTExZTYtOGY4OC0zNDM2M2JjN2M0YzAiOnsiY3JlYXRlIjo2MDAwMDAwMDAwMDAsImRlbGV0ZSI6MTIwMDAwMDAwMDAwMH0sInNjaGVtYV92ZXJzaW9uIjoiMSJ9",
          "dependencies": [
            "aws_vpc.tp_cloud_devops_vpc"
          ]
        }
      ]
    },
    {
      "mode": "managed",
      "type": "aws_subnet",
      "name": "public_subnet_2",
      "provider": "provider[\"registry.terraform.io/hashicorp/aws\"]",
      "instances": [
        {
          "schema_version": 1,
          "attributes": {
            "arn": "arn:aws:ec2:us-east-1:051826694196:subnet/subnet-00192a871e083b3d0",
            "assign_ipv6_address_on_creation": false,
            "availability_zone": "us-east-1b",
            "availability_zone_id": "use1-az1",
            "cidr_block": "10.0.2.0/24",
            "customer_owned_ipv4_pool": "",
            "enable_dns64": false,
            "enable_lni_at_device_index": 0,
            "enable_resource_name_dns_a_record_on_launch": false,
            "enable_resource_name_dns_aaaa_record_on_launch": false,
            "id": "subnet-00192a871e083b3d0",
            "ipv6_cidr_block": "",
            "ipv6_cidr_block_association_id": "",
            "ipv6_native": false,
            "map_customer_owned_ip_on_launch": false,
            "map_public_ip_on_launch": true,
            "outpost_arn": "",
            "owner_id": "051826694196",
            "private_dns_hostname_type_on_launch": "ip-name",
            "tags": {
              "Name": "PublicSubnet2"
            },
            "tags_all": {
              "Name": "PublicSubnet2"
            },
            "timeouts": null,
            "vpc_id": "vpc-07e8e492c237335c1"
          },
          "sensitive_attributes": [],
          "private": "eyJlMmJmYjczMC1lY2FhLTExZTYtOGY4OC0zNDM2M2JjN2M0YzAiOnsiY3JlYXRlIjo2MDAwMDAwMDAwMDAsImRlbGV0ZSI6MTIwMDAwMDAwMDAwMH0sInNjaGVtYV92ZXJzaW9uIjoiMSJ9",
          "dependencies": [
            "aws_vpc.tp_cloud_devops_vpc"
          ]
        }
      ]
    },
    {
      "mode": "managed",
      "type": "aws_vpc",
      "name": "tp_cloud_devops_vpc",
      "provider": "provider[\"registry.terraform.io/hashicorp/aws\"]",
      "instances": [
        {
          "schema_version": 1,
          "attributes": {
            "arn": "arn:aws:ec2:us-east-1:051826694196:vpc/vpc-07e8e492c237335c1",
            "assign_generated_ipv6_cidr_block": false,
            "cidr_block": "10.0.0.0/16",
            "default_network_acl_id": "acl-0155a7b4d183d0ecb",
            "default_route_table_id": "rtb-08d117ac8951b4a37",
            "default_security_group_id": "sg-0891dd3fb584c7844",
            "dhcp_options_id": "dopt-0c9208ca234243fa6",
            "enable_dns_hostnames": true,
            "enable_dns_support": true,
            "enable_network_address_usage_metrics": false,
            "id": "vpc-07e8e492c237335c1",
            "instance_tenancy": "default",
            "ipv4_ipam_pool_id": null,
            "ipv4_netmask_length": null,
            "ipv6_association_id": "",
            "ipv6_cidr_block": "",
            "ipv6_cidr_block_network_border_group": "",
            "ipv6_ipam_pool_id": "",
            "ipv6_netmask_length": 0,
            "main_route_table_id": "rtb-08d117ac8951b4a37",
            "owner_id": "051826694196",
            "tags": {
              "Name": "tp_cloud_devops_vpc"
            },
            "tags_all": {
              "Name": "tp_cloud_devops_vpc"
            }
          },
          "sensitive_attributes": [],
          "private": "eyJzY2hlbWFfdmVyc2lvbiI6IjEifQ=="
        }
      ]
    },
    {
      "mode": "managed",
      "type": "tls_private_key",
      "name": "example_ssh_key",
      "provider": "provider[\"registry.terraform.io/hashicorp/tls\"]",
      "instances": [
        {
          "schema_version": 1,
          "attributes": {
            "algorithm": "RSA",
            "ecdsa_curve": "P224",
            "id": "44a625a8e9961f3bce14696507fe0ce0ceb6288e",
            "private_key_openssh": "-----BEGIN OPENSSH PRIVATE KEY-----\nb3BlbnNzaC1rZXktdjEAAAAABG5vbmUAAAAEbm9uZQAAAAAAAAABAAABFwAAAAdz\nc2gtcnNhAAAAAwEAAQAAAQEA4LDlTJf2eTL1++kIqq9BNU2GK4SQuQnn04Aetqx9\nBFkbxf+Nwavt9eaAthVb3JsDBGC5jQkhljLcZzLgNLLbJzShzTm3OLgVC1ZkTmB2\npi1BPk936CjQBB+iDGbZ0Ln5lzIiQHrBUUdoUmgpDM8hiZEdCYDF79VU30Ami97/\nWqT8RD2dpYea9IhY4YYPCMV22Iw9kCm36AkLNWIrjni5wzn8d/yk/ugfEkH7MdTY\nuIuzWFmiIaOzh+EAzfLY0eP1U4zBJ4ATErB837kdUlV1xlyI0mN+zyCYbnLStKeB\niCz/Ok3fwnrjQhaGj1oJqx4pANpwWIYOy+zwXGp52zKIgQAAA7hfdqCeX3agngAA\nAAdzc2gtcnNhAAABAQDgsOVMl/Z5MvX76Qiqr0E1TYYrhJC5CefTgB62rH0EWRvF\n/43Bq+315oC2FVvcmwMEYLmNCSGWMtxnMuA0stsnNKHNObc4uBULVmROYHamLUE+\nT3foKNAEH6IMZtnQufmXMiJAesFRR2hSaCkMzyGJkR0JgMXv1VTfQCaL3v9apPxE\nPZ2lh5r0iFjhhg8IxXbYjD2QKbfoCQs1YiuOeLnDOfx3/KT+6B8SQfsx1Ni4i7NY\nWaIho7OH4QDN8tjR4/VTjMEngBMSsHzfuR1SVXXGXIjSY37PIJhuctK0p4GILP86\nTd/CeuNCFoaPWgmrHikA2nBYhg7L7PBcannbMoiBAAAAAwEAAQAAAQEAtjc+/WqP\ne6KUUgKeAK232B5SnKAZLbaWxrK0NbiUeh45o8ynjVR82lpgL0oLAVDElZxLXdD1\n5/S/QQHFSXdyusy4GtKff+PpTRR2rAkWr5Urv/h6aVAPwghVRnFyWw83FiKWHGxw\nshWSyKGoCLdBn2qLfdVssB71gUdo+y2RMFPuxM7qpNacWoKoBItbfDl18czuqXrf\nLRtYZXHAeackg0idVvl0VkIiYcWLxjLPrUF/6Onkn5AqelkhrUWTFco/Q/Hc8B97\nFdsknxMJ9NFkQlK78jK1KQkiQGU89cfakxlZ73S4aw/GGPdZkMLFjBsDTEm2VRoQ\ncTph5KwZPh9ZcQAAAIAkAkCg0TOi9n4lcWt7elkXYq7KKJGP9WudIaYBJptpMcxj\n5eFTgiRQ+KMDLRJ6hmuLqZB7Dw6z07c/DMgGhwefSj9Gp7kK11hsNA8I4vosdPkO\n3yWRyRdm9QnS3QpnPL2mo6rmWQBXRh1zT1AApeiikokJPPj8zRtjdqplT7k+zgAA\nAIEA+0Y26CMqffCz/VP+tmSqJ4LFSBW8+88CEqGiTzGbYJG2bIsE1H4FWXdQiTvu\n49SCqx1DUVHrRmucbdl4Q4+cAvfmqoaTAVK7hMfm7wh4GsBe0CrFIrA9kIeUwvHb\nydiNIownVbPwpYrqouLy9ykZNVmdXu258WjEjq4do/9kPEcAAACBAOTqsX5yCd/W\nRJg/YovV2XHsPPxsBmKy/x9C6gvR86YsJvtDik3uxcqTmlADbjQWBwDl0n0UcRwA\n8v9lqBISwydevs27b3PetysGMYI8Pv7LO1N6wJmuB3zEjjGKZcFOJz71BVfKVYVn\nfuESZnbCXka3avziYqjJgmuWsENNsKD3AAAAAAEC\n-----END OPENSSH PRIVATE KEY-----\n",
            "private_key_pem": "-----BEGIN RSA PRIVATE KEY-----\nMIIEowIBAAKCAQEA4LDlTJf2eTL1++kIqq9BNU2GK4SQuQnn04Aetqx9BFkbxf+N\nwavt9eaAthVb3JsDBGC5jQkhljLcZzLgNLLbJzShzTm3OLgVC1ZkTmB2pi1BPk93\n6CjQBB+iDGbZ0Ln5lzIiQHrBUUdoUmgpDM8hiZEdCYDF79VU30Ami97/WqT8RD2d\npYea9IhY4YYPCMV22Iw9kCm36AkLNWIrjni5wzn8d/yk/ugfEkH7MdTYuIuzWFmi\nIaOzh+EAzfLY0eP1U4zBJ4ATErB837kdUlV1xlyI0mN+zyCYbnLStKeBiCz/Ok3f\nwnrjQhaGj1oJqx4pANpwWIYOy+zwXGp52zKIgQIDAQABAoIBAQC2Nz79ao97opRS\nAp4ArbfYHlKcoBkttpbGsrQ1uJR6HjmjzKeNVHzaWmAvSgsBUMSVnEtd0PXn9L9B\nAcVJd3K6zLga0p9/4+lNFHasCRavlSu/+HppUA/CCFVGcXJbDzcWIpYcbHCyFZLI\noagIt0Gfaot91WywHvWBR2j7LZEwU+7Ezuqk1pxagqgEi1t8OXXxzO6pet8tG1hl\nccB5pySDSJ1W+XRWQiJhxYvGMs+tQX/o6eSfkCp6WSGtRZMVyj9D8dzwH3sV2ySf\nEwn00WRCUrvyMrUpCSJAZTz1x9qTGVnvdLhrD8YY91mQwsWMGwNMSbZVGhBxOmHk\nrBk+H1lxAoGBAPtGNugjKn3ws/1T/rZkqieCxUgVvPvPAhKhok8xm2CRtmyLBNR+\nBVl3UIk77uPUgqsdQ1FR60ZrnG3ZeEOPnAL35qqGkwFSu4TH5u8IeBrAXtAqxSKw\nPZCHlMLx28nYjSKMJ1Wz8KWK6qLi8vcpGTVZnV7tufFoxI6uHaP/ZDxHAoGBAOTq\nsX5yCd/WRJg/YovV2XHsPPxsBmKy/x9C6gvR86YsJvtDik3uxcqTmlADbjQWBwDl\n0n0UcRwA8v9lqBISwydevs27b3PetysGMYI8Pv7LO1N6wJmuB3zEjjGKZcFOJz71\nBVfKVYVnfuESZnbCXka3avziYqjJgmuWsENNsKD3AoGAXWbvOAECZYgYz7zuPIxU\nt5UjkjUKZ6u+QIC2nat57z6ayeQvKnGhuWzhkfGmTigLXmHlSRAjXazYm/ivfKWg\nP3Y41wBpGp/PNn88N3Q1ePQzCjwrxUYvzE6pnIFcyr3lUIc6g9/8PvzRVTT5TaiI\nR02Fcuj5KmRgVA0i1Xg0oTcCgYAI92RiZocafGMNb5YlkgfFXZJ59KU/YnF5wP43\n3k5j2ODiAKA/MzYOHD/0GF5NrfsyPs5C1fUkOqlJ9apioteACEcC+e+Ao12bUs/H\noSJ6im1VdL5shpOGgJBtQlV//9arsZ829BbrdcVTfYwD5NMag/6tzxQ8NkBkhG99\nA2MCuwKBgCQCQKDRM6L2fiVxa3t6WRdirsookY/1a50hpgEmm2kxzGPl4VOCJFD4\nowMtEnqGa4upkHsPDrPTtz8MyAaHB59KP0anuQrXWGw0Dwji+ix0+Q7fJZHJF2b1\nCdLdCmc8vaajquZZAFdGHXNPUACl6KKSiQk8+PzNG2N2qmVPuT7O\n-----END RSA PRIVATE KEY-----\n",
            "private_key_pem_pkcs8": "-----BEGIN PRIVATE KEY-----\nMIIEvQIBADANBgkqhkiG9w0BAQEFAASCBKcwggSjAgEAAoIBAQDgsOVMl/Z5MvX7\n6Qiqr0E1TYYrhJC5CefTgB62rH0EWRvF/43Bq+315oC2FVvcmwMEYLmNCSGWMtxn\nMuA0stsnNKHNObc4uBULVmROYHamLUE+T3foKNAEH6IMZtnQufmXMiJAesFRR2hS\naCkMzyGJkR0JgMXv1VTfQCaL3v9apPxEPZ2lh5r0iFjhhg8IxXbYjD2QKbfoCQs1\nYiuOeLnDOfx3/KT+6B8SQfsx1Ni4i7NYWaIho7OH4QDN8tjR4/VTjMEngBMSsHzf\nuR1SVXXGXIjSY37PIJhuctK0p4GILP86Td/CeuNCFoaPWgmrHikA2nBYhg7L7PBc\nannbMoiBAgMBAAECggEBALY3Pv1qj3uilFICngCtt9geUpygGS22lsaytDW4lHoe\nOaPMp41UfNpaYC9KCwFQxJWcS13Q9ef0v0EBxUl3crrMuBrSn3/j6U0UdqwJFq+V\nK7/4emlQD8IIVUZxclsPNxYilhxscLIVksihqAi3QZ9qi33VbLAe9YFHaPstkTBT\n7sTO6qTWnFqCqASLW3w5dfHM7ql63y0bWGVxwHmnJINInVb5dFZCImHFi8Yyz61B\nf+jp5J+QKnpZIa1FkxXKP0Px3PAfexXbJJ8TCfTRZEJSu/IytSkJIkBlPPXH2pMZ\nWe90uGsPxhj3WZDCxYwbA0xJtlUaEHE6YeSsGT4fWXECgYEA+0Y26CMqffCz/VP+\ntmSqJ4LFSBW8+88CEqGiTzGbYJG2bIsE1H4FWXdQiTvu49SCqx1DUVHrRmucbdl4\nQ4+cAvfmqoaTAVK7hMfm7wh4GsBe0CrFIrA9kIeUwvHbydiNIownVbPwpYrqouLy\n9ykZNVmdXu258WjEjq4do/9kPEcCgYEA5OqxfnIJ39ZEmD9ii9XZcew8/GwGYrL/\nH0LqC9Hzpiwm+0OKTe7FypOaUANuNBYHAOXSfRRxHADy/2WoEhLDJ16+zbtvc963\nKwYxgjw+/ss7U3rAma4HfMSOMYplwU4nPvUFV8pVhWd+4RJmdsJeRrdq/OJiqMmC\na5awQ02woPcCgYBdZu84AQJliBjPvO48jFS3lSOSNQpnq75AgLadq3nvPprJ5C8q\ncaG5bOGR8aZOKAteYeVJECNdrNib+K98paA/djjXAGkan882fzw3dDV49DMKPCvF\nRi/MTqmcgVzKveVQhzqD3/w+/NFVNPlNqIhHTYVy6PkqZGBUDSLVeDShNwKBgAj3\nZGJmhxp8Yw1vliWSB8Vdknn0pT9icXnA/jfeTmPY4OIAoD8zNg4cP/QYXk2t+zI+\nzkLV9SQ6qUn1qmKi14AIRwL574CjXZtSz8ehInqKbVV0vmyGk4aAkG1CVX//1qux\nnzb0Fut1xVN9jAPk0xqD/q3PFDw2QGSEb30DYwK7AoGAJAJAoNEzovZ+JXFre3pZ\nF2KuyiiRj/VrnSGmASabaTHMY+XhU4IkUPijAy0SeoZri6mQew8Os9O3PwzIBocH\nn0o/Rqe5CtdYbDQPCOL6LHT5Dt8lkckXZvUJ0t0KZzy9pqOq5lkAV0Ydc09QAKXo\nopKJCTz4/M0bY3aqZU+5Ps4=\n-----END PRIVATE KEY-----\n",
            "public_key_fingerprint_md5": "73:60:f0:8d:54:b8:14:8d:a2:fb:aa:c3:8e:5e:44:7c",
            "public_key_fingerprint_sha256": "SHA256:yyqtf5ssoRwux0OzCiKVWo4Xs//vTaCgyn2JP/f3sR0",
            "public_key_openssh": "ssh-rsa AAAAB3NzaC1yc2EAAAADAQABAAABAQDgsOVMl/Z5MvX76Qiqr0E1TYYrhJC5CefTgB62rH0EWRvF/43Bq+315oC2FVvcmwMEYLmNCSGWMtxnMuA0stsnNKHNObc4uBULVmROYHamLUE+T3foKNAEH6IMZtnQufmXMiJAesFRR2hSaCkMzyGJkR0JgMXv1VTfQCaL3v9apPxEPZ2lh5r0iFjhhg8IxXbYjD2QKbfoCQs1YiuOeLnDOfx3/KT+6B8SQfsx1Ni4i7NYWaIho7OH4QDN8tjR4/VTjMEngBMSsHzfuR1SVXXGXIjSY37PIJhuctK0p4GILP86Td/CeuNCFoaPWgmrHikA2nBYhg7L7PBcannbMoiB\n",
            "public_key_pem": "-----BEGIN PUBLIC KEY-----\nMIIBIjANBgkqhkiG9w0BAQEFAAOCAQ8AMIIBCgKCAQEA4LDlTJf2eTL1++kIqq9B\nNU2GK4SQuQnn04Aetqx9BFkbxf+Nwavt9eaAthVb3JsDBGC5jQkhljLcZzLgNLLb\nJzShzTm3OLgVC1ZkTmB2pi1BPk936CjQBB+iDGbZ0Ln5lzIiQHrBUUdoUmgpDM8h\niZEdCYDF79VU30Ami97/WqT8RD2dpYea9IhY4YYPCMV22Iw9kCm36AkLNWIrjni5\nwzn8d/yk/ugfEkH7MdTYuIuzWFmiIaOzh+EAzfLY0eP1U4zBJ4ATErB837kdUlV1\nxlyI0mN+zyCYbnLStKeBiCz/Ok3fwnrjQhaGj1oJqx4pANpwWIYOy+zwXGp52zKI\ngQIDAQAB\n-----END PUBLIC KEY-----\n",
            "rsa_bits": 2048
          },
          "sensitive_attributes": [
            [
              {
                "type": "get_attr",
                "value": "private_key_pem_pkcs8"
              }
            ],
            [
              {
                "type": "get_attr",
                "value": "private_key_openssh"
              }
            ],
            [
              {
                "type": "get_attr",
                "value": "private_key_pem"
              }
            ]
          ]
        }
      ]
    }
  ],
  "check_results": null
}
